
Microsoft Visual Studio Solution File, Format Version 12.00
# Visual Studio 15
VisualStudioVersion = 15.0.28010.2026
MinimumVisualStudioVersion = 10.0.40219.1
Project("{8BC9CEB8-8B4A-11D0-8D11-00A0C91BC942}") = "寻找下标", "C程序设计进阶\C程序设计进阶.vcxproj", "{F15104F2-6E64-4278-9703-75C5C8A69468}"
EndProject
Project("{8BC9CEB8-8B4A-11D0-8D11-00A0C91BC942}") = "四大湖", "四大湖\四大湖.vcxproj", "{5F77E608-7A0A-43DA-922B-3353C826BE7F}"
EndProject
Project("{8BC9CEB8-8B4A-11D0-8D11-00A0C91BC942}") = "发票统计", "发票统计\发票统计.vcxproj", "{CCFC1B42-CE0D-4437-BDC4-4C5AF23DFB6B}"
EndProject
Project("{8BC9CEB8-8B4A-11D0-8D11-00A0C91BC942}") = "Tomorrow never knows", "Tomorrow never knows\Tomorrow never knows.vcxproj", "{E5C65C86-4023-4CDF-AF6C-ED14AB0FE073}"
EndProject
Project("{8BC9CEB8-8B4A-11D0-8D11-00A0C91BC942}") = "细菌实验分组", "细菌实验分组\细菌实验分组.vcxproj", "{FE613D7D-14FC-4686-A80F-76CFC0874D77}"
EndProject
Project("{8BC9CEB8-8B4A-11D0-8D11-00A0C91BC942}") = "流感传染", "流感传染\流感传染.vcxproj", "{2506F4F4-1B1E-4656-A7E1-10BB01B2209E}"
EndProject
Project("{8BC9CEB8-8B4A-11D0-8D11-00A0C91BC942}") = "寻找下标02", "寻找下标02\寻找下标02.vcxproj", "{553DF287-5F37-4254-BA04-F632E7473345}"
EndProject
Project("{8BC9CEB8-8B4A-11D0-8D11-00A0C91BC942}") = "圈地运动", "圈地运动\圈地运动.vcxproj", "{05D2D6F4-F1A4-46D2-826D-1A2D448482FA}"
EndProject
Project("{8BC9CEB8-8B4A-11D0-8D11-00A0C91BC942}") = "01单词翻转", "01单词翻转\01单词翻转.vcxproj", "{9944DF4D-4FB1-4F53-B5A7-69E1290AC515}"
EndProject
Project("{8BC9CEB8-8B4A-11D0-8D11-00A0C91BC942}") = "02角谷猜想", "角谷猜想\角谷猜想.vcxproj", "{12D55065-7BCB-4E08-B594-185CE33972EA}"
EndProject
Project("{8BC9CEB8-8B4A-11D0-8D11-00A0C91BC942}") = "03排队游戏", "03排队游戏\03排队游戏.vcxproj", "{D2D6DF15-6F9C-49FF-90D0-21267629CB9A}"
EndProject
Project("{8BC9CEB8-8B4A-11D0-8D11-00A0C91BC942}") = "04扩号匹配问题", "扩号匹配问题\扩号匹配问题.vcxproj", "{156176AF-55E1-41DE-A692-86058283C253}"
EndProject
Project("{8BC9CEB8-8B4A-11D0-8D11-00A0C91BC942}") = "05计算矩阵边缘元素之和", "05计算矩阵边缘元素之和\05计算矩阵边缘元素之和.vcxproj", "{B9F2AF9F-8148-4244-B437-42785C8EF4FA}"
EndProject
Project("{8BC9CEB8-8B4A-11D0-8D11-00A0C91BC942}") = "06二维数组右上左下遍历", "06二维数组右上左下遍历\06二维数组右上左下遍历.vcxproj", "{CACD9992-B1D6-421A-98CF-75DAEA95150D}"
EndProject
Project("{8BC9CEB8-8B4A-11D0-8D11-00A0C91BC942}") = "07文字排版", "07文字排版\07文字排版.vcxproj", "{3117F861-FC4B-4F27-B14C-CCE208DDB3BA}"
EndProject
Project("{8BC9CEB8-8B4A-11D0-8D11-00A0C91BC942}") = "08分配病房", "08分配病房\08分配病房.vcxproj", "{48DA52BD-0EE0-4842-A7D0-760ECE5D3523}"
EndProject
Project("{8BC9CEB8-8B4A-11D0-8D11-00A0C91BC942}") = "09配对碱基链", "09配对碱基链\09配对碱基链.vcxproj", "{79EA2723-0F73-437E-9D1C-4B1D5AC6B90D}"
EndProject
Project("{8BC9CEB8-8B4A-11D0-8D11-00A0C91BC942}") = "10寻找山顶", "10寻找山顶\10寻找山顶.vcxproj", "{2F0A6963-569C-401D-9910-7B9957E7F74E}"
EndProject
Project("{8BC9CEB8-8B4A-11D0-8D11-00A0C91BC942}") = "11排列小球", "11排列小球\11排列小球.vcxproj", "{C893D550-DAB0-4F6A-A52E-3DFDFFEC7AD7}"
EndProject
Project("{8BC9CEB8-8B4A-11D0-8D11-00A0C91BC942}") = "12含K个3的数", "12含K个3的数\12含K个3的数.vcxproj", "{4B2AD22D-6F9E-4549-A1AE-A1CDC68CA88D}"
EndProject
Project("{8BC9CEB8-8B4A-11D0-8D11-00A0C91BC942}") = "13字符串中次数第2多的字母", "13字符串中次数第2多的字母\13字符串中次数第2多的字母.vcxproj", "{A4D055D4-30C2-4B79-87FB-2D91E2BFD469}"
EndProject
Project("{8BC9CEB8-8B4A-11D0-8D11-00A0C91BC942}") = "14运算符判定", "14运算符判定\14运算符判定.vcxproj", "{B41F2E79-5F4D-4E46-A6FC-FC032F51748C}"
EndProject
Project("{8BC9CEB8-8B4A-11D0-8D11-00A0C91BC942}") = "15寻找平面上的极大点", "15寻找平面上的极大点\15寻找平面上的极大点.vcxproj", "{937739AB-0E1F-47C6-B99B-D089C8BC9F21}"
EndProject
Project("{8BC9CEB8-8B4A-11D0-8D11-00A0C91BC942}") = "16走出迷宫", "16走出迷宫\16走出迷宫.vcxproj", "{22B34F5C-28D1-4434-90D8-DB0404144961}"
EndProject
Global
	GlobalSection(SolutionConfigurationPlatforms) = preSolution
		Debug|x64 = Debug|x64
		Debug|x86 = Debug|x86
		Release|x64 = Release|x64
		Release|x86 = Release|x86
	EndGlobalSection
	GlobalSection(ProjectConfigurationPlatforms) = postSolution
		{F15104F2-6E64-4278-9703-75C5C8A69468}.Debug|x64.ActiveCfg = Debug|x64
		{F15104F2-6E64-4278-9703-75C5C8A69468}.Debug|x64.Build.0 = Debug|x64
		{F15104F2-6E64-4278-9703-75C5C8A69468}.Debug|x86.ActiveCfg = Debug|Win32
		{F15104F2-6E64-4278-9703-75C5C8A69468}.Debug|x86.Build.0 = Debug|Win32
		{F15104F2-6E64-4278-9703-75C5C8A69468}.Release|x64.ActiveCfg = Release|x64
		{F15104F2-6E64-4278-9703-75C5C8A69468}.Release|x64.Build.0 = Release|x64
		{F15104F2-6E64-4278-9703-75C5C8A69468}.Release|x86.ActiveCfg = Release|Win32
		{F15104F2-6E64-4278-9703-75C5C8A69468}.Release|x86.Build.0 = Release|Win32
		{5F77E608-7A0A-43DA-922B-3353C826BE7F}.Debug|x64.ActiveCfg = Debug|x64
		{5F77E608-7A0A-43DA-922B-3353C826BE7F}.Debug|x64.Build.0 = Debug|x64
		{5F77E608-7A0A-43DA-922B-3353C826BE7F}.Debug|x86.ActiveCfg = Debug|Win32
		{5F77E608-7A0A-43DA-922B-3353C826BE7F}.Debug|x86.Build.0 = Debug|Win32
		{5F77E608-7A0A-43DA-922B-3353C826BE7F}.Release|x64.ActiveCfg = Release|x64
		{5F77E608-7A0A-43DA-922B-3353C826BE7F}.Release|x64.Build.0 = Release|x64
		{5F77E608-7A0A-43DA-922B-3353C826BE7F}.Release|x86.ActiveCfg = Release|Win32
		{5F77E608-7A0A-43DA-922B-3353C826BE7F}.Release|x86.Build.0 = Release|Win32
		{CCFC1B42-CE0D-4437-BDC4-4C5AF23DFB6B}.Debug|x64.ActiveCfg = Debug|x64
		{CCFC1B42-CE0D-4437-BDC4-4C5AF23DFB6B}.Debug|x64.Build.0 = Debug|x64
		{CCFC1B42-CE0D-4437-BDC4-4C5AF23DFB6B}.Debug|x86.ActiveCfg = Debug|Win32
		{CCFC1B42-CE0D-4437-BDC4-4C5AF23DFB6B}.Debug|x86.Build.0 = Debug|Win32
		{CCFC1B42-CE0D-4437-BDC4-4C5AF23DFB6B}.Release|x64.ActiveCfg = Release|x64
		{CCFC1B42-CE0D-4437-BDC4-4C5AF23DFB6B}.Release|x64.Build.0 = Release|x64
		{CCFC1B42-CE0D-4437-BDC4-4C5AF23DFB6B}.Release|x86.ActiveCfg = Release|Win32
		{CCFC1B42-CE0D-4437-BDC4-4C5AF23DFB6B}.Release|x86.Build.0 = Release|Win32
		{E5C65C86-4023-4CDF-AF6C-ED14AB0FE073}.Debug|x64.ActiveCfg = Debug|x64
		{E5C65C86-4023-4CDF-AF6C-ED14AB0FE073}.Debug|x64.Build.0 = Debug|x64
		{E5C65C86-4023-4CDF-AF6C-ED14AB0FE073}.Debug|x86.ActiveCfg = Debug|Win32
		{E5C65C86-4023-4CDF-AF6C-ED14AB0FE073}.Debug|x86.Build.0 = Debug|Win32
		{E5C65C86-4023-4CDF-AF6C-ED14AB0FE073}.Release|x64.ActiveCfg = Release|x64
		{E5C65C86-4023-4CDF-AF6C-ED14AB0FE073}.Release|x64.Build.0 = Release|x64
		{E5C65C86-4023-4CDF-AF6C-ED14AB0FE073}.Release|x86.ActiveCfg = Release|Win32
		{E5C65C86-4023-4CDF-AF6C-ED14AB0FE073}.Release|x86.Build.0 = Release|Win32
		{FE613D7D-14FC-4686-A80F-76CFC0874D77}.Debug|x64.ActiveCfg = Debug|x64
		{FE613D7D-14FC-4686-A80F-76CFC0874D77}.Debug|x64.Build.0 = Debug|x64
		{FE613D7D-14FC-4686-A80F-76CFC0874D77}.Debug|x86.ActiveCfg = Debug|Win32
		{FE613D7D-14FC-4686-A80F-76CFC0874D77}.Debug|x86.Build.0 = Debug|Win32
		{FE613D7D-14FC-4686-A80F-76CFC0874D77}.Release|x64.ActiveCfg = Release|x64
		{FE613D7D-14FC-4686-A80F-76CFC0874D77}.Release|x64.Build.0 = Release|x64
		{FE613D7D-14FC-4686-A80F-76CFC0874D77}.Release|x86.ActiveCfg = Release|Win32
		{FE613D7D-14FC-4686-A80F-76CFC0874D77}.Release|x86.Build.0 = Release|Win32
		{2506F4F4-1B1E-4656-A7E1-10BB01B2209E}.Debug|x64.ActiveCfg = Debug|x64
		{2506F4F4-1B1E-4656-A7E1-10BB01B2209E}.Debug|x64.Build.0 = Debug|x64
		{2506F4F4-1B1E-4656-A7E1-10BB01B2209E}.Debug|x86.ActiveCfg = Debug|Win32
		{2506F4F4-1B1E-4656-A7E1-10BB01B2209E}.Debug|x86.Build.0 = Debug|Win32
		{2506F4F4-1B1E-4656-A7E1-10BB01B2209E}.Release|x64.ActiveCfg = Release|x64
		{2506F4F4-1B1E-4656-A7E1-10BB01B2209E}.Release|x64.Build.0 = Release|x64
		{2506F4F4-1B1E-4656-A7E1-10BB01B2209E}.Release|x86.ActiveCfg = Release|Win32
		{2506F4F4-1B1E-4656-A7E1-10BB01B2209E}.Release|x86.Build.0 = Release|Win32
		{553DF287-5F37-4254-BA04-F632E7473345}.Debug|x64.ActiveCfg = Debug|x64
		{553DF287-5F37-4254-BA04-F632E7473345}.Debug|x64.Build.0 = Debug|x64
		{553DF287-5F37-4254-BA04-F632E7473345}.Debug|x86.ActiveCfg = Debug|Win32
		{553DF287-5F37-4254-BA04-F632E7473345}.Debug|x86.Build.0 = Debug|Win32
		{553DF287-5F37-4254-BA04-F632E7473345}.Release|x64.ActiveCfg = Release|x64
		{553DF287-5F37-4254-BA04-F632E7473345}.Release|x64.Build.0 = Release|x64
		{553DF287-5F37-4254-BA04-F632E7473345}.Release|x86.ActiveCfg = Release|Win32
		{553DF287-5F37-4254-BA04-F632E7473345}.Release|x86.Build.0 = Release|Win32
		{05D2D6F4-F1A4-46D2-826D-1A2D448482FA}.Debug|x64.ActiveCfg = Debug|x64
		{05D2D6F4-F1A4-46D2-826D-1A2D448482FA}.Debug|x64.Build.0 = Debug|x64
		{05D2D6F4-F1A4-46D2-826D-1A2D448482FA}.Debug|x86.ActiveCfg = Debug|Win32
		{05D2D6F4-F1A4-46D2-826D-1A2D448482FA}.Debug|x86.Build.0 = Debug|Win32
		{05D2D6F4-F1A4-46D2-826D-1A2D448482FA}.Release|x64.ActiveCfg = Release|x64
		{05D2D6F4-F1A4-46D2-826D-1A2D448482FA}.Release|x64.Build.0 = Release|x64
		{05D2D6F4-F1A4-46D2-826D-1A2D448482FA}.Release|x86.ActiveCfg = Release|Win32
		{05D2D6F4-F1A4-46D2-826D-1A2D448482FA}.Release|x86.Build.0 = Release|Win32
		{9944DF4D-4FB1-4F53-B5A7-69E1290AC515}.Debug|x64.ActiveCfg = Debug|x64
		{9944DF4D-4FB1-4F53-B5A7-69E1290AC515}.Debug|x64.Build.0 = Debug|x64
		{9944DF4D-4FB1-4F53-B5A7-69E1290AC515}.Debug|x86.ActiveCfg = Debug|Win32
		{9944DF4D-4FB1-4F53-B5A7-69E1290AC515}.Debug|x86.Build.0 = Debug|Win32
		{9944DF4D-4FB1-4F53-B5A7-69E1290AC515}.Release|x64.ActiveCfg = Release|x64
		{9944DF4D-4FB1-4F53-B5A7-69E1290AC515}.Release|x64.Build.0 = Release|x64
		{9944DF4D-4FB1-4F53-B5A7-69E1290AC515}.Release|x86.ActiveCfg = Release|Win32
		{9944DF4D-4FB1-4F53-B5A7-69E1290AC515}.Release|x86.Build.0 = Release|Win32
		{12D55065-7BCB-4E08-B594-185CE33972EA}.Debug|x64.ActiveCfg = Debug|x64
		{12D55065-7BCB-4E08-B594-185CE33972EA}.Debug|x64.Build.0 = Debug|x64
		{12D55065-7BCB-4E08-B594-185CE33972EA}.Debug|x86.ActiveCfg = Debug|Win32
		{12D55065-7BCB-4E08-B594-185CE33972EA}.Debug|x86.Build.0 = Debug|Win32
		{12D55065-7BCB-4E08-B594-185CE33972EA}.Release|x64.ActiveCfg = Release|x64
		{12D55065-7BCB-4E08-B594-185CE33972EA}.Release|x64.Build.0 = Release|x64
		{12D55065-7BCB-4E08-B594-185CE33972EA}.Release|x86.ActiveCfg = Release|Win32
		{12D55065-7BCB-4E08-B594-185CE33972EA}.Release|x86.Build.0 = Release|Win32
		{D2D6DF15-6F9C-49FF-90D0-21267629CB9A}.Debug|x64.ActiveCfg = Debug|x64
		{D2D6DF15-6F9C-49FF-90D0-21267629CB9A}.Debug|x64.Build.0 = Debug|x64
		{D2D6DF15-6F9C-49FF-90D0-21267629CB9A}.Debug|x86.ActiveCfg = Debug|Win32
		{D2D6DF15-6F9C-49FF-90D0-21267629CB9A}.Debug|x86.Build.0 = Debug|Win32
		{D2D6DF15-6F9C-49FF-90D0-21267629CB9A}.Release|x64.ActiveCfg = Release|x64
		{D2D6DF15-6F9C-49FF-90D0-21267629CB9A}.Release|x64.Build.0 = Release|x64
		{D2D6DF15-6F9C-49FF-90D0-21267629CB9A}.Release|x86.ActiveCfg = Release|Win32
		{D2D6DF15-6F9C-49FF-90D0-21267629CB9A}.Release|x86.Build.0 = Release|Win32
		{156176AF-55E1-41DE-A692-86058283C253}.Debug|x64.ActiveCfg = Debug|x64
		{156176AF-55E1-41DE-A692-86058283C253}.Debug|x64.Build.0 = Debug|x64
		{156176AF-55E1-41DE-A692-86058283C253}.Debug|x86.ActiveCfg = Debug|Win32
		{156176AF-55E1-41DE-A692-86058283C253}.Debug|x86.Build.0 = Debug|Win32
		{156176AF-55E1-41DE-A692-86058283C253}.Release|x64.ActiveCfg = Release|x64
		{156176AF-55E1-41DE-A692-86058283C253}.Release|x64.Build.0 = Release|x64
		{156176AF-55E1-41DE-A692-86058283C253}.Release|x86.ActiveCfg = Release|Win32
		{156176AF-55E1-41DE-A692-86058283C253}.Release|x86.Build.0 = Release|Win32
		{B9F2AF9F-8148-4244-B437-42785C8EF4FA}.Debug|x64.ActiveCfg = Debug|x64
		{B9F2AF9F-8148-4244-B437-42785C8EF4FA}.Debug|x64.Build.0 = Debug|x64
		{B9F2AF9F-8148-4244-B437-42785C8EF4FA}.Debug|x86.ActiveCfg = Debug|Win32
		{B9F2AF9F-8148-4244-B437-42785C8EF4FA}.Debug|x86.Build.0 = Debug|Win32
		{B9F2AF9F-8148-4244-B437-42785C8EF4FA}.Release|x64.ActiveCfg = Release|x64
		{B9F2AF9F-8148-4244-B437-42785C8EF4FA}.Release|x64.Build.0 = Release|x64
		{B9F2AF9F-8148-4244-B437-42785C8EF4FA}.Release|x86.ActiveCfg = Release|Win32
		{B9F2AF9F-8148-4244-B437-42785C8EF4FA}.Release|x86.Build.0 = Release|Win32
		{CACD9992-B1D6-421A-98CF-75DAEA95150D}.Debug|x64.ActiveCfg = Debug|x64
		{CACD9992-B1D6-421A-98CF-75DAEA95150D}.Debug|x64.Build.0 = Debug|x64
		{CACD9992-B1D6-421A-98CF-75DAEA95150D}.Debug|x86.ActiveCfg = Debug|Win32
		{CACD9992-B1D6-421A-98CF-75DAEA95150D}.Debug|x86.Build.0 = Debug|Win32
		{CACD9992-B1D6-421A-98CF-75DAEA95150D}.Release|x64.ActiveCfg = Release|x64
		{CACD9992-B1D6-421A-98CF-75DAEA95150D}.Release|x64.Build.0 = Release|x64
		{CACD9992-B1D6-421A-98CF-75DAEA95150D}.Release|x86.ActiveCfg = Release|Win32
		{CACD9992-B1D6-421A-98CF-75DAEA95150D}.Release|x86.Build.0 = Release|Win32
		{3117F861-FC4B-4F27-B14C-CCE208DDB3BA}.Debug|x64.ActiveCfg = Debug|x64
		{3117F861-FC4B-4F27-B14C-CCE208DDB3BA}.Debug|x64.Build.0 = Debug|x64
		{3117F861-FC4B-4F27-B14C-CCE208DDB3BA}.Debug|x86.ActiveCfg = Debug|Win32
		{3117F861-FC4B-4F27-B14C-CCE208DDB3BA}.Debug|x86.Build.0 = Debug|Win32
		{3117F861-FC4B-4F27-B14C-CCE208DDB3BA}.Release|x64.ActiveCfg = Release|x64
		{3117F861-FC4B-4F27-B14C-CCE208DDB3BA}.Release|x64.Build.0 = Release|x64
		{3117F861-FC4B-4F27-B14C-CCE208DDB3BA}.Release|x86.ActiveCfg = Release|Win32
		{3117F861-FC4B-4F27-B14C-CCE208DDB3BA}.Release|x86.Build.0 = Release|Win32
		{48DA52BD-0EE0-4842-A7D0-760ECE5D3523}.Debug|x64.ActiveCfg = Debug|x64
		{48DA52BD-0EE0-4842-A7D0-760ECE5D3523}.Debug|x64.Build.0 = Debug|x64
		{48DA52BD-0EE0-4842-A7D0-760ECE5D3523}.Debug|x86.ActiveCfg = Debug|Win32
		{48DA52BD-0EE0-4842-A7D0-760ECE5D3523}.Debug|x86.Build.0 = Debug|Win32
		{48DA52BD-0EE0-4842-A7D0-760ECE5D3523}.Release|x64.ActiveCfg = Release|x64
		{48DA52BD-0EE0-4842-A7D0-760ECE5D3523}.Release|x64.Build.0 = Release|x64
		{48DA52BD-0EE0-4842-A7D0-760ECE5D3523}.Release|x86.ActiveCfg = Release|Win32
		{48DA52BD-0EE0-4842-A7D0-760ECE5D3523}.Release|x86.Build.0 = Release|Win32
		{79EA2723-0F73-437E-9D1C-4B1D5AC6B90D}.Debug|x64.ActiveCfg = Debug|x64
		{79EA2723-0F73-437E-9D1C-4B1D5AC6B90D}.Debug|x64.Build.0 = Debug|x64
		{79EA2723-0F73-437E-9D1C-4B1D5AC6B90D}.Debug|x86.ActiveCfg = Debug|Win32
		{79EA2723-0F73-437E-9D1C-4B1D5AC6B90D}.Debug|x86.Build.0 = Debug|Win32
		{79EA2723-0F73-437E-9D1C-4B1D5AC6B90D}.Release|x64.ActiveCfg = Release|x64
		{79EA2723-0F73-437E-9D1C-4B1D5AC6B90D}.Release|x64.Build.0 = Release|x64
		{79EA2723-0F73-437E-9D1C-4B1D5AC6B90D}.Release|x86.ActiveCfg = Release|Win32
		{79EA2723-0F73-437E-9D1C-4B1D5AC6B90D}.Release|x86.Build.0 = Release|Win32
		{2F0A6963-569C-401D-9910-7B9957E7F74E}.Debug|x64.ActiveCfg = Debug|x64
		{2F0A6963-569C-401D-9910-7B9957E7F74E}.Debug|x64.Build.0 = Debug|x64
		{2F0A6963-569C-401D-9910-7B9957E7F74E}.Debug|x86.ActiveCfg = Debug|Win32
		{2F0A6963-569C-401D-9910-7B9957E7F74E}.Debug|x86.Build.0 = Debug|Win32
		{2F0A6963-569C-401D-9910-7B9957E7F74E}.Release|x64.ActiveCfg = Release|x64
		{2F0A6963-569C-401D-9910-7B9957E7F74E}.Release|x64.Build.0 = Release|x64
		{2F0A6963-569C-401D-9910-7B9957E7F74E}.Release|x86.ActiveCfg = Release|Win32
		{2F0A6963-569C-401D-9910-7B9957E7F74E}.Release|x86.Build.0 = Release|Win32
		{C893D550-DAB0-4F6A-A52E-3DFDFFEC7AD7}.Debug|x64.ActiveCfg = Debug|x64
		{C893D550-DAB0-4F6A-A52E-3DFDFFEC7AD7}.Debug|x64.Build.0 = Debug|x64
		{C893D550-DAB0-4F6A-A52E-3DFDFFEC7AD7}.Debug|x86.ActiveCfg = Debug|Win32
		{C893D550-DAB0-4F6A-A52E-3DFDFFEC7AD7}.Debug|x86.Build.0 = Debug|Win32
		{C893D550-DAB0-4F6A-A52E-3DFDFFEC7AD7}.Release|x64.ActiveCfg = Release|x64
		{C893D550-DAB0-4F6A-A52E-3DFDFFEC7AD7}.Release|x64.Build.0 = Release|x64
		{C893D550-DAB0-4F6A-A52E-3DFDFFEC7AD7}.Release|x86.ActiveCfg = Release|Win32
		{C893D550-DAB0-4F6A-A52E-3DFDFFEC7AD7}.Release|x86.Build.0 = Release|Win32
		{4B2AD22D-6F9E-4549-A1AE-A1CDC68CA88D}.Debug|x64.ActiveCfg = Debug|x64
		{4B2AD22D-6F9E-4549-A1AE-A1CDC68CA88D}.Debug|x64.Build.0 = Debug|x64
		{4B2AD22D-6F9E-4549-A1AE-A1CDC68CA88D}.Debug|x86.ActiveCfg = Debug|Win32
		{4B2AD22D-6F9E-4549-A1AE-A1CDC68CA88D}.Debug|x86.Build.0 = Debug|Win32
		{4B2AD22D-6F9E-4549-A1AE-A1CDC68CA88D}.Release|x64.ActiveCfg = Release|x64
		{4B2AD22D-6F9E-4549-A1AE-A1CDC68CA88D}.Release|x64.Build.0 = Release|x64
		{4B2AD22D-6F9E-4549-A1AE-A1CDC68CA88D}.Release|x86.ActiveCfg = Release|Win32
		{4B2AD22D-6F9E-4549-A1AE-A1CDC68CA88D}.Release|x86.Build.0 = Release|Win32
		{A4D055D4-30C2-4B79-87FB-2D91E2BFD469}.Debug|x64.ActiveCfg = Debug|x64
		{A4D055D4-30C2-4B79-87FB-2D91E2BFD469}.Debug|x64.Build.0 = Debug|x64
		{A4D055D4-30C2-4B79-87FB-2D91E2BFD469}.Debug|x86.ActiveCfg = Debug|Win32
		{A4D055D4-30C2-4B79-87FB-2D91E2BFD469}.Debug|x86.Build.0 = Debug|Win32
		{A4D055D4-30C2-4B79-87FB-2D91E2BFD469}.Release|x64.ActiveCfg = Release|x64
		{A4D055D4-30C2-4B79-87FB-2D91E2BFD469}.Release|x64.Build.0 = Release|x64
		{A4D055D4-30C2-4B79-87FB-2D91E2BFD469}.Release|x86.ActiveCfg = Release|Win32
		{A4D055D4-30C2-4B79-87FB-2D91E2BFD469}.Release|x86.Build.0 = Release|Win32
		{B41F2E79-5F4D-4E46-A6FC-FC032F51748C}.Debug|x64.ActiveCfg = Debug|x64
		{B41F2E79-5F4D-4E46-A6FC-FC032F51748C}.Debug|x64.Build.0 = Debug|x64
		{B41F2E79-5F4D-4E46-A6FC-FC032F51748C}.Debug|x86.ActiveCfg = Debug|Win32
		{B41F2E79-5F4D-4E46-A6FC-FC032F51748C}.Debug|x86.Build.0 = Debug|Win32
		{B41F2E79-5F4D-4E46-A6FC-FC032F51748C}.Release|x64.ActiveCfg = Release|x64
		{B41F2E79-5F4D-4E46-A6FC-FC032F51748C}.Release|x64.Build.0 = Release|x64
		{B41F2E79-5F4D-4E46-A6FC-FC032F51748C}.Release|x86.ActiveCfg = Release|Win32
		{B41F2E79-5F4D-4E46-A6FC-FC032F51748C}.Release|x86.Build.0 = Release|Win32
		{937739AB-0E1F-47C6-B99B-D089C8BC9F21}.Debug|x64.ActiveCfg = Debug|x64
		{937739AB-0E1F-47C6-B99B-D089C8BC9F21}.Debug|x64.Build.0 = Debug|x64
		{937739AB-0E1F-47C6-B99B-D089C8BC9F21}.Debug|x86.ActiveCfg = Debug|Win32
		{937739AB-0E1F-47C6-B99B-D089C8BC9F21}.Debug|x86.Build.0 = Debug|Win32
		{937739AB-0E1F-47C6-B99B-D089C8BC9F21}.Release|x64.ActiveCfg = Release|x64
		{937739AB-0E1F-47C6-B99B-D089C8BC9F21}.Release|x64.Build.0 = Release|x64
		{937739AB-0E1F-47C6-B99B-D089C8BC9F21}.Release|x86.ActiveCfg = Release|Win32
		{937739AB-0E1F-47C6-B99B-D089C8BC9F21}.Release|x86.Build.0 = Release|Win32
		{22B34F5C-28D1-4434-90D8-DB0404144961}.Debug|x64.ActiveCfg = Debug|x64
		{22B34F5C-28D1-4434-90D8-DB0404144961}.Debug|x64.Build.0 = Debug|x64
		{22B34F5C-28D1-4434-90D8-DB0404144961}.Debug|x86.ActiveCfg = Debug|Win32
		{22B34F5C-28D1-4434-90D8-DB0404144961}.Debug|x86.Build.0 = Debug|Win32
		{22B34F5C-28D1-4434-90D8-DB0404144961}.Release|x64.ActiveCfg = Release|x64
		{22B34F5C-28D1-4434-90D8-DB0404144961}.Release|x64.Build.0 = Release|x64
		{22B34F5C-28D1-4434-90D8-DB0404144961}.Release|x86.ActiveCfg = Release|Win32
		{22B34F5C-28D1-4434-90D8-DB0404144961}.Release|x86.Build.0 = Release|Win32
	EndGlobalSection
	GlobalSection(SolutionProperties) = preSolution
		HideSolutionNode = FALSE
	EndGlobalSection
	GlobalSection(ExtensibilityGlobals) = postSolution
		SolutionGuid = {F327645A-B440-4658-8672-D9EA4B7DC710}
	EndGlobalSection
EndGlobal
